
Microsoft Visual Studio Solution File, Format Version 12.00
# Visual Studio Version 17
VisualStudioVersion = 17.10.35027.167
MinimumVisualStudioVersion = 10.0.40219.1
Project("{FAE04EC0-301F-11D3-BF4B-00C04F79EFBC}") = "Products.WebApi", "Products.WebApi\Products.WebApi.csproj", "{587AF25F-1AAD-4D0A-964A-7CBBAB277FF5}"
EndProject
Project("{9A19103F-16F7-4668-BE54-9A1E7A4F7556}") = "Common", "..\..\..\Documents\GitHubRepos\DotNET\Core\DotNETCommon\Common\Common.csproj", "{E0E59C1F-7A5E-486A-9CCC-D7F35F9E22F8}"
EndProject
Global
	GlobalSection(SolutionConfigurationPlatforms) = preSolution
		Debug|Any CPU = Debug|Any CPU
		Release|Any CPU = Release|Any CPU
	EndGlobalSection
	GlobalSection(ProjectConfigurationPlatforms) = postSolution
		{587AF25F-1AAD-4D0A-964A-7CBBAB277FF5}.Debug|Any CPU.ActiveCfg = Debug|Any CPU
		{587AF25F-1AAD-4D0A-964A-7CBBAB277FF5}.Debug|Any CPU.Build.0 = Debug|Any CPU
		{587AF25F-1AAD-4D0A-964A-7CBBAB277FF5}.Release|Any CPU.ActiveCfg = Release|Any CPU
		{587AF25F-1AAD-4D0A-964A-7CBBAB277FF5}.Release|Any CPU.Build.0 = Release|Any CPU
		{E0E59C1F-7A5E-486A-9CCC-D7F35F9E22F8}.Debug|Any CPU.ActiveCfg = Debug|Any CPU
		{E0E59C1F-7A5E-486A-9CCC-D7F35F9E22F8}.Debug|Any CPU.Build.0 = Debug|Any CPU
		{E0E59C1F-7A5E-486A-9CCC-D7F35F9E22F8}.Release|Any CPU.ActiveCfg = Release|Any CPU
		{E0E59C1F-7A5E-486A-9CCC-D7F35F9E22F8}.Release|Any CPU.Build.0 = Release|Any CPU
	EndGlobalSection
	GlobalSection(SolutionProperties) = preSolution
		HideSolutionNode = FALSE
	EndGlobalSection
	GlobalSection(ExtensibilityGlobals) = postSolution
		SolutionGuid = {AF40E4B9-247D-4678-ADD7-F1D84DF0953A}
	EndGlobalSection
EndGlobal
